
Microsoft Visual Studio Solution File, Format Version 12.00
# Visual Studio 15
VisualStudioVersion = 15.0.27130.2003
MinimumVisualStudioVersion = 10.0.40219.1
Project("{FAE04EC0-301F-11D3-BF4B-00C04F79EFBC}") = "ArtCollection", "ArtCollection\ArtCollection.csproj", "{0EA44E16-2112-4E2A-B5C4-725413485245}"
EndProject
Project("{FAE04EC0-301F-11D3-BF4B-00C04F79EFBC}") = "DataAccess", "DataAccess\DataAccess.csproj", "{02AF4965-D0E2-48DB-8CE0-BC9D13FA41CA}"
EndProject
Global
	GlobalSection(SolutionConfigurationPlatforms) = preSolution
		Debug|Any CPU = Debug|Any CPU
		Release|Any CPU = Release|Any CPU
	EndGlobalSection
	GlobalSection(ProjectConfigurationPlatforms) = postSolution
		{0EA44E16-2112-4E2A-B5C4-725413485245}.Debug|Any CPU.ActiveCfg = Debug|Any CPU
		{0EA44E16-2112-4E2A-B5C4-725413485245}.Debug|Any CPU.Build.0 = Debug|Any CPU
		{0EA44E16-2112-4E2A-B5C4-725413485245}.Release|Any CPU.ActiveCfg = Release|Any CPU
		{0EA44E16-2112-4E2A-B5C4-725413485245}.Release|Any CPU.Build.0 = Release|Any CPU
		{02AF4965-D0E2-48DB-8CE0-BC9D13FA41CA}.Debug|Any CPU.ActiveCfg = Debug|Any CPU
		{02AF4965-D0E2-48DB-8CE0-BC9D13FA41CA}.Debug|Any CPU.Build.0 = Debug|Any CPU
		{02AF4965-D0E2-48DB-8CE0-BC9D13FA41CA}.Release|Any CPU.ActiveCfg = Release|Any CPU
		{02AF4965-D0E2-48DB-8CE0-BC9D13FA41CA}.Release|Any CPU.Build.0 = Release|Any CPU
	EndGlobalSection
	GlobalSection(SolutionProperties) = preSolution
		HideSolutionNode = FALSE
	EndGlobalSection
	GlobalSection(ExtensibilityGlobals) = postSolution
		SolutionGuid = {42078FA4-434D-41D7-9A0E-6E1792CE8559}
	EndGlobalSection
EndGlobal
